
Microsoft Visual Studio Solution File, Format Version 12.00
# Visual Studio 15
VisualStudioVersion = 15.0.28307.1259
MinimumVisualStudioVersion = 10.0.40219.1
Project("{FAE04EC0-301F-11D3-BF4B-00C04F79EFBC}") = "RobloxLuauGlobalVariableFetcher", "ConsoleApp1\RobloxLuauGlobalVariableFetcher.csproj", "{ADC6A695-2A61-4274-8F98-67BEEF80D385}"
EndProject
Global
	GlobalSection(SolutionConfigurationPlatforms) = preSolution
		Debug|Any CPU = Debug|Any CPU
		Release|Any CPU = Release|Any CPU
	EndGlobalSection
	GlobalSection(ProjectConfigurationPlatforms) = postSolution
		{ADC6A695-2A61-4274-8F98-67BEEF80D385}.Debug|Any CPU.ActiveCfg = Release|Any CPU
		{ADC6A695-2A61-4274-8F98-67BEEF80D385}.Debug|Any CPU.Build.0 = Release|Any CPU
		{ADC6A695-2A61-4274-8F98-67BEEF80D385}.Release|Any CPU.ActiveCfg = Release|Any CPU
		{ADC6A695-2A61-4274-8F98-67BEEF80D385}.Release|Any CPU.Build.0 = Release|Any CPU
	EndGlobalSection
	GlobalSection(SolutionProperties) = preSolution
		HideSolutionNode = FALSE
	EndGlobalSection
	GlobalSection(ExtensibilityGlobals) = postSolution
		SolutionGuid = {D5741F8C-B9B0-4759-A361-8D7440A1BE98}
	EndGlobalSection
EndGlobal
